
Microsoft Visual Studio Solution File, Format Version 12.00
# Visual Studio Version 17
VisualStudioVersion = 17.9.34902.65
MinimumVisualStudioVersion = 10.0.40219.1
Project("{FAE04EC0-301F-11D3-BF4B-00C04F79EFBC}") = "VotaE_API", "VotaE_API.csproj", "{67AB2E3F-8D15-49DC-8336-9A010D7857D6}"
EndProject
Project("{2150E333-8FDC-42A3-9474-1A3956D46DE8}") = "Testes", "Testes", "{A9B88B51-812D-45CC-BF7C-C2F4EC1F0515}"
EndProject
Project("{FAE04EC0-301F-11D3-BF4B-00C04F79EFBC}") = "VotaE.Testes", "..\VotaE.Testes\VotaE.Testes.csproj", "{BB7D73FA-2BA6-419F-BA47-5E2162F33E6E}"
EndProject
Global
	GlobalSection(SolutionConfigurationPlatforms) = preSolution
		Debug|Any CPU = Debug|Any CPU
		Release|Any CPU = Release|Any CPU
	EndGlobalSection
	GlobalSection(ProjectConfigurationPlatforms) = postSolution
		{67AB2E3F-8D15-49DC-8336-9A010D7857D6}.Debug|Any CPU.ActiveCfg = Debug|Any CPU
		{67AB2E3F-8D15-49DC-8336-9A010D7857D6}.Debug|Any CPU.Build.0 = Debug|Any CPU
		{67AB2E3F-8D15-49DC-8336-9A010D7857D6}.Release|Any CPU.ActiveCfg = Release|Any CPU
		{67AB2E3F-8D15-49DC-8336-9A010D7857D6}.Release|Any CPU.Build.0 = Release|Any CPU
		{BB7D73FA-2BA6-419F-BA47-5E2162F33E6E}.Debug|Any CPU.ActiveCfg = Debug|Any CPU
		{BB7D73FA-2BA6-419F-BA47-5E2162F33E6E}.Debug|Any CPU.Build.0 = Debug|Any CPU
		{BB7D73FA-2BA6-419F-BA47-5E2162F33E6E}.Release|Any CPU.ActiveCfg = Release|Any CPU
		{BB7D73FA-2BA6-419F-BA47-5E2162F33E6E}.Release|Any CPU.Build.0 = Release|Any CPU
	EndGlobalSection
	GlobalSection(SolutionProperties) = preSolution
		HideSolutionNode = FALSE
	EndGlobalSection
	GlobalSection(NestedProjects) = preSolution
		{BB7D73FA-2BA6-419F-BA47-5E2162F33E6E} = {A9B88B51-812D-45CC-BF7C-C2F4EC1F0515}
	EndGlobalSection
	GlobalSection(ExtensibilityGlobals) = postSolution
		SolutionGuid = {41B2E3C5-0689-40EF-9C06-07E60761D0F5}
	EndGlobalSection
EndGlobal
